
Microsoft Visual Studio Solution File, Format Version 12.00
# Visual Studio Version 17
VisualStudioVersion = 17.7.34024.191
MinimumVisualStudioVersion = 10.0.40219.1
Project("{FAE04EC0-301F-11D3-BF4B-00C04F79EFBC}") = "quest8.4", "quest8.4\quest8.4.csproj", "{DCB6845E-92C3-4238-A188-FD982DBC65CF}"
EndProject
Project("{FAE04EC0-301F-11D3-BF4B-00C04F79EFBC}") = "quest8.1-3", "quest8.1-3\quest8.1-3.csproj", "{C15D810F-B449-49B5-A22D-C561ED63398C}"
EndProject
Global
	GlobalSection(SolutionConfigurationPlatforms) = preSolution
		Debug|Any CPU = Debug|Any CPU
		Release|Any CPU = Release|Any CPU
	EndGlobalSection
	GlobalSection(ProjectConfigurationPlatforms) = postSolution
		{DCB6845E-92C3-4238-A188-FD982DBC65CF}.Debug|Any CPU.ActiveCfg = Debug|Any CPU
		{DCB6845E-92C3-4238-A188-FD982DBC65CF}.Debug|Any CPU.Build.0 = Debug|Any CPU
		{DCB6845E-92C3-4238-A188-FD982DBC65CF}.Release|Any CPU.ActiveCfg = Release|Any CPU
		{DCB6845E-92C3-4238-A188-FD982DBC65CF}.Release|Any CPU.Build.0 = Release|Any CPU
		{C15D810F-B449-49B5-A22D-C561ED63398C}.Debug|Any CPU.ActiveCfg = Debug|Any CPU
		{C15D810F-B449-49B5-A22D-C561ED63398C}.Debug|Any CPU.Build.0 = Debug|Any CPU
		{C15D810F-B449-49B5-A22D-C561ED63398C}.Release|Any CPU.ActiveCfg = Release|Any CPU
		{C15D810F-B449-49B5-A22D-C561ED63398C}.Release|Any CPU.Build.0 = Release|Any CPU
	EndGlobalSection
	GlobalSection(SolutionProperties) = preSolution
		HideSolutionNode = FALSE
	EndGlobalSection
	GlobalSection(ExtensibilityGlobals) = postSolution
		SolutionGuid = {8E0A04B5-94A0-4D84-8BD0-8EF2B5597CAD}
	EndGlobalSection
EndGlobal
